{
  "name": "yard-material-calculator-wordpress",
  "version": "1.0.0",
  "lockfileVersion": 3,
  "requires": true,
  "packages": {
    "": {
      "name": "yard-material-calculator-wordpress",
      "version": "1.0.0",
      "devDependencies": {
        "@demi-valerith/yard-material-coverage-data": "1.3.0"
      }
    },
    "node_modules/@demi-valerith/yard-material-coverage-data": {
      "version": "1.3.0",
      "resolved": "https://registry.npmjs.org/@demi-valerith/yard-material-coverage-data/-/yard-material-coverage-data-1.3.0.tgz",
      "integrity": "sha512-0FtLe3TteUxnK8yCBfm/ur/I+2+bsbXGeJS18FR3cfqV/hznN22rEiL2v1zqAet4ou+CnqGHd1whk4KZjzzQEw==",
      "dev": true,
      "license": "SEE LICENSE IN LICENSE.md",
      "engines": {
        "node": ">=20.10"
      }
    }
  }
}
